// !$*UTF8*$!
{
	archiveVersion = 1;
	classes = {
	};
	objectVersion = 46;
	objects = {

/* Begin PBXBuildFile section */
		BF0FB1731F6390AC003E4CAF /* AppDelegate.swift in Sources */ = {isa = PBXBuildFile; fileRef = BF0FB1721F6390AC003E4CAF /* AppDelegate.swift */; };
		BF0FB1751F6390AC003E4CAF /* ViewController.swift in Sources */ = {isa = PBXBuildFile; fileRef = BF0FB1741F6390AC003E4CAF /* ViewController.swift */; };
		BF0FB1781F6390AC003E4CAF /* Main.storyboard in Resources */ = {isa = PBXBuildFile; fileRef = BF0FB1761F6390AC003E4CAF /* Main.storyboard */; };
		BF0FB17A1F6390AC003E4CAF /* Assets.xcassets in Resources */ = {isa = PBXBuildFile; fileRef = BF0FB1791F6390AC003E4CAF /* Assets.xcassets */; };
		BF0FB17D1F6390AC003E4CAF /* LaunchScreen.storyboard in Resources */ = {isa = PBXBuildFile; fileRef = BF0FB17B1F6390AC003E4CAF /* LaunchScreen.storyboard */; };
/* End PBXBuildFile section */

/* Begin PBXFileReference section */
		BF0FB16F1F6390AC003E4CAF /* OpenLibraryTableView.app */ = {isa = PBXFileReference; explicitFileType = wrapper.application; includeInIndex = 0; path = OpenLibraryTableView.app; sourceTree = BUILT_PRODUCTS_DIR; };
		BF0FB1721F6390AC003E4CAF /* AppDelegate.swift */ = {isa = PBXFileReference; lastKnownFileType = sourcecode.swift; path = AppDelegate.swift; sourceTree = "<group>"; };
		BF0FB1741F6390AC003E4CAF /* ViewController.swift */ = {isa = PBXFileReference; lastKnownFileType = sourcecode.swift; path = ViewController.swift; sourceTree = "<group>"; };
		BF0FB1771F6390AC003E4CAF /* Base */ = {isa = PBXFileReference; lastKnownFileType = file.storyboard; name = Base; path = Base.lproj/Main.storyboard; sourceTree = "<group>"; };
		BF0FB1791F6390AC003E4CAF /* Assets.xcassets */ = {isa = PBXFileReference; lastKnownFileType = folder.assetcatalog; path = Assets.xcassets; sourceTree = "<group>"; };
		BF0FB17C1F6390AC003E4CAF /* Base */ = {isa = PBXFileReference; lastKnownFileType = file.storyboard; name = Base; path = Base.lproj/LaunchScreen.storyboard; sourceTree = "<group>"; };
		BF0FB17E1F6390AC003E4CAF /* Info.plist */ = {isa = PBXFileReference; lastKnownFileType = text.plist.xml; path = Info.plist; sourceTree = "<group>"; };
/* End PBXFileReference section */

/* Begin PBXFrameworksBuildPhase section */
		BF0FB16C1F6390AC003E4CAF /* Frameworks */ = {
			isa = PBXFrameworksBuildPhase;
			buildActionMask = 2147483647;
			files = (
			);
			runOnlyForDeploymentPostprocessing = 0;
		};
/* End PBXFrameworksBuildPhase section */

/* Begin PBXGroup section */
		BF0FB1661F6390AC003E4CAF = {
			isa = PBXGroup;
			children = (
				BF0FB1711F6390AC003E4CAF /* OpenLibraryTableView */,
				BF0FB1701F6390AC003E4CAF /* Products */,
			);
			sourceTree = "<group>";
		};
		BF0FB1701F6390AC003E4CAF /* Products */ = {
			isa = PBXGroup;
			children = (
				BF0FB16F1F6390AC003E4CAF /* OpenLibraryTableView.app */,
			);
			name = Products;
			sourceTree = "<group>";
		};
		BF0FB1711F6390AC003E4CAF /* OpenLibraryTableView */ = {
			isa = PBXGroup;
			children = (
				BF0FB1721F6390AC003E4CAF /* AppDelegate.swift */,
				BF0FB1741F6390AC003E4CAF /* ViewController.swift */,
				BF0FB1761F6390AC003E4CAF /* Main.storyboard */,
				BF0FB1791F6390AC003E4CAF /* Assets.xcassets */,
				BF0FB17B1F6390AC003E4CAF /* LaunchScreen.storyboard */,
				BF0FB17E1F6390AC003E4CAF /* Info.plist */,
			);
			path = OpenLibraryTableView;
			sourceTree = "<group>";
		};
/* End PBXGroup section */

/* Begin PBXNativeTarget section */
		BF0FB16E1F6390AC003E4CAF /* OpenLibraryTableView */ = {
			isa = PBXNativeTarget;
			buildConfigurationList = BF0FB1811F6390AC003E4CAF /* Build configuration list for PBXNativeTarget "OpenLibraryTableView" */;
			buildPhases = (
				BF0FB16B1F6390AC003E4CAF /* Sources */,
				BF0FB16C1F6390AC003E4CAF /* Frameworks */,
				BF0FB16D1F6390AC003E4CAF /* Resources */,
			);
			buildRules = (
			);
			dependencies = (
			);
			name = OpenLibraryTableView;
			productName = OpenLibraryTableView;
			productReference = BF0FB16F1F6390AC003E4CAF /* OpenLibraryTableView.app */;
			productType = "com.apple.product-type.application";
		};
/* End PBXNativeTarget section */

/* Begin PBXProject section */
		BF0FB1671F6390AC003E4CAF /* Project object */ = {
			isa = PBXProject;
			attributes = {
				LastSwiftUpdateCheck = 0830;
				LastUpgradeCheck = 0830;
				ORGANIZATIONNAME = "Erik Basto Segovia";
				TargetAttributes = {
					BF0FB16E1F6390AC003E4CAF = {
						CreatedOnToolsVersion = 8.3.3;
						ProvisioningStyle = Automatic;
					};
				};
			};
			buildConfigurationList = BF0FB16A1F6390AC003E4CAF /* Build configuration list for PBXProject "OpenLibraryTableView" */;
			compatibilityVersion = "Xcode 3.2";
			developmentRegion = English;
			hasScannedForEncodings = 0;
			knownRegions = (
				en,
				Base,
			);
			mainGroup = BF0FB1661F6390AC003E4CAF;
			productRefGroup = BF0FB1701F6390AC003E4CAF /* Products */;
			projectDirPath = "";
			projectRoot = "";
			targets = (
				BF0FB16E1F6390AC003E4CAF /* OpenLibraryTableView */,
			);
		};
/* End PBXProject section */

/* Begin PBXResourcesBuildPhase section */
		BF0FB16D1F6390AC003E4CAF /* Resources */ = {
			isa = PBXResourcesBuildPhase;
			buildActionMask = 2147483647;
			files = (
				BF0FB17D1F6390AC003E4CAF /* LaunchScreen.storyboard in Resources */,
				BF0FB17A1F6390AC003E4CAF /* Assets.xcassets in Resources */,
				BF0FB1781F6390AC003E4CAF /* Main.storyboard in Resources */,
			);
			runOnlyForDeploymentPostprocessing = 0;
		};
/* End PBXResourcesBuildPhase section */

/* Begin PBXSourcesBuildPhase section */
		BF0FB16B1F6390AC003E4CAF /* Sources */ = {
			isa = PBXSourcesBuildPhase;
			buildActionMask = 2147483647;
			files = (
				BF0FB1751F6390AC003E4CAF /* ViewController.swift in Sources */,
				BF0FB1731F6390AC003E4CAF /* AppDelegate.swift in Sources */,
			);
			runOnlyForDeploymentPostprocessing = 0;
		};
/* End PBXSourcesBuildPhase section */

/* Begin PBXVariantGroup section */
		BF0FB1761F6390AC003E4CAF /* Main.storyboard */ = {
			isa = PBXVariantGroup;
			children = (
				BF0FB1771F6390AC003E4CAF /* Base */,
			);
			name = Main.storyboard;
			sourceTree = "<group>";
		};
		BF0FB17B1F6390AC003E4CAF /* LaunchScreen.storyboard */ = {
			isa = PBXVariantGroup;
			children = (
				BF0FB17C1F6390AC003E4CAF /* Base */,
			);
			name = LaunchScreen.storyboard;
			sourceTree = "<group>";
		};
/* End PBXVariantGroup section */

/* Begin XCBuildConfiguration section */
		BF0FB17F1F6390AC003E4CAF /* Debug */ = {
			isa = XCBuildConfiguration;
			buildSettings = {
				ALWAYS_SEARCH_USER_PATHS = NO;
				CLANG_ANALYZER_NONNULL = YES;
				CLANG_ANALYZER_NUMBER_OBJECT_CONVERSION = YES_AGGRESSIVE;
				CLANG_CXX_LANGUAGE_STANDARD = "gnu++0x";
				CLANG_CXX_LIBRARY = "libc++";
				CLANG_ENABLE_MODULES = YES;
				CLANG_ENABLE_OBJC_ARC = YES;
				CLANG_WARN_BOOL_CONVERSION = YES;
				CLANG_WARN_CONSTANT_CONVERSION = YES;
				CLANG_WARN_DIRECT_OBJC_ISA_USAGE = YES_ERROR;
				CLANG_WARN_DOCUMENTATION_COMMENTS = YES;
				CLANG_WARN_EMPTY_BODY = YES;
				CLANG_WARN_ENUM_CONVERSION = YES;
				CLANG_WARN_INFINITE_RECURSION = YES;
				CLANG_WARN_INT_CONVERSION = YES;
				CLANG_WARN_OBJC_ROOT_CLASS = YES_ERROR;
				CLANG_WARN_SUSPICIOUS_MOVE = YES;
				CLANG_WARN_UNREACHABLE_CODE = YES;
				CLANG_WARN__DUPLICATE_METHOD_MATCH = YES;
				"CODE_SIGN_IDENTITY[sdk=iphoneos*]" = "iPhone Developer";
				COPY_PHASE_STRIP = NO;
				DEBUG_INFORMATION_FORMAT = dwarf;
				ENABLE_STRICT_OBJC_MSGSEND = YES;
				ENABLE_TESTABILITY = YES;
				GCC_C_LANGUAGE_STANDARD = gnu99;
				GCC_DYNAMIC_NO_PIC = NO;
				GCC_NO_COMMON_BLOCKS = YES;
				GCC_OPTIMIZATION_LEVEL = 0;
				GCC_PREPROCESSOR_DEFINITIONS = (
					"DEBUG=1",
					"$(inherited)",
				);
				GCC_WARN_64_TO_32_BIT_CONVERSION = YES;
				GCC_WARN_ABOUT_RETURN_TYPE = YES_ERROR;
				GCC_WARN_UNDECLARED_SELECTOR = YES;
				GCC_WARN_UNINITIALIZED_AUTOS = YES_AGGRESSIVE;
				GCC_WARN_UNUSED_FUNCTION = YES;
				GCC_WARN_UNUSED_VARIABLE = YES;
				IPHONEOS_DEPLOYMENT_TARGET = 10.3;
				MTL_ENABLE_DEBUG_INFO = YES;
				ONLY_ACTIVE_ARCH = YES;
				SDKROOT = iphoneos;
				SWIFT_ACTIVE_COMPILATION_CONDITIONS = DEBUG;
				SWIFT_OPTIMIZATION_LEVEL = "-Onone";
			};
			name = Debug;
		};
		BF0FB1801F6390AC003E4CAF /* Release */ = {
			isa = XCBuildConfiguration;
			buildSettings = {
				ALWAYS_SEARCH_USER_PATHS = NO;
				CLANG_ANALYZER_NONNULL = YES;
				CLANG_ANALYZER_NUMBER_OBJECT_CONVERSION = YES_AGGRESSIVE;
				CLANG_CXX_LANGUAGE_STANDARD = "gnu++0x";
				CLANG_CXX_LIBRARY = "libc++";
				CLANG_ENABLE_MODULES = YES;
				CLANG_ENABLE_OBJC_ARC = YES;
				CLANG_WARN_BOOL_CONVERSION = YES;
				CLANG_WARN_CONSTANT_CONVERSION = YES;
				CLANG_WARN_DIRECT_OBJC_ISA_USAGE = YES_ERROR;
				CLANG_WARN_DOCUMENTATION_COMMENTS = YES;
				CLANG_WARN_EMPTY_BODY = YES;
				CLANG_WARN_ENUM_CONVERSION = YES;
				CLANG_WARN_INFINITE_RECURSION = YES;
				CLANG_WARN_INT_CONVERSION = YES;
				CLANG_WARN_OBJC_ROOT_CLASS = YES_ERROR;
				CLANG_WARN_SUSPICIOUS_MOVE = YES;
				CLANG_WARN_UNREACHABLE_CODE = YES;
				CLANG_WARN__DUPLICATE_METHOD_MATCH = YES;
				"CODE_SIGN_IDENTITY[sdk=iphoneos*]" = "iPhone Developer";
				COPY_PHASE_STRIP = NO;
				DEBUG_INFORMATION_FORMAT = "dwarf-with-dsym";
				ENABLE_NS_ASSERTIONS = NO;
				ENABLE_STRICT_OBJC_MSGSEND = YES;
				GCC_C_LANGUAGE_STANDARD = gnu99;
				GCC_NO_COMMON_BLOCKS = YES;
				GCC_WARN_64_TO_32_BIT_CONVERSION = YES;
				GCC_WARN_ABOUT_RETURN_TYPE = YES_ERROR;
				GCC_WARN_UNDECLARED_SELECTOR = YES;
				GCC_WARN_UNINITIALIZED_AUTOS = YES_AGGRESSIVE;
				GCC_WARN_UNUSED_FUNCTION = YES;
				GCC_WARN_UNUSED_VARIABLE = YES;
				IPHONEOS_DEPLOYMENT_TARGET = 10.3;
				MTL_ENABLE_DEBUG_INFO = NO;
				SDKROOT = iphoneos;
				SWIFT_OPTIMIZATION_LEVEL = "-Owholemodule";
				VALIDATE_PRODUCT = YES;
			};
			name = Release;
		};
		BF0FB1821F6390AC003E4CAF /* Debug */ = {
			isa = XCBuildConfiguration;
			buildSettings = {
				ASSETCATALOG_COMPILER_APPICON_NAME = AppIcon;
				INFOPLIST_FILE = OpenLibraryTableView/Info.plist;
				LD_RUNPATH_SEARCH_PATHS = "$(inherited) @executable_path/Frameworks";
				PRODUCT_BUNDLE_IDENTIFIER = com.kubicsoft.OpenLibraryTableView;
				PRODUCT_NAME = "$(TARGET_NAME)";
				SWIFT_VERSION = 3.0;
			};
			name = Debug;
		};
		BF0FB1831F6390AC003E4CAF /* Release */ = {
			isa = XCBuildConfiguration;
			buildSettings = {
				ASSETCATALOG_COMPILER_APPICON_NAME = AppIcon;
				INFOPLIST_FILE = OpenLibraryTableView/Info.plist;
				LD_RUNPATH_SEARCH_PATHS = "$(inherited) @executable_path/Frameworks";
				PRODUCT_BUNDLE_IDENTIFIER = com.kubicsoft.OpenLibraryTableView;
				PRODUCT_NAME = "$(TARGET_NAME)";
				SWIFT_VERSION = 3.0;
			};
			name = Release;
		};
/* End XCBuildConfiguration section */

/* Begin XCConfigurationList section */
		BF0FB16A1F6390AC003E4CAF /* Build configuration list for PBXProject "OpenLibraryTableView" */ = {
			isa = XCConfigurationList;
			buildConfigurations = (
				BF0FB17F1F6390AC003E4CAF /* Debug */,
				BF0FB1801F6390AC003E4CAF /* Release */,
			);
			defaultConfigurationIsVisible = 0;
			defaultConfigurationName = Release;
		};
		BF0FB1811F6390AC003E4CAF /* Build configuration list for PBXNativeTarget "OpenLibraryTableView" */ = {
			isa = XCConfigurationList;
			buildConfigurations = (
				BF0FB1821F6390AC003E4CAF /* Debug */,
				BF0FB1831F6390AC003E4CAF /* Release */,
			);
			defaultConfigurationIsVisible = 0;
		};
/* End XCConfigurationList section */
	};
	rootObject = BF0FB1671F6390AC003E4CAF /* Project object */;
}
